
Microsoft Visual Studio Solution File, Format Version 12.00
# Visual Studio Version 17
VisualStudioVersion = 17.8.34309.116
MinimumVisualStudioVersion = 10.0.40219.1
Project("{FAE04EC0-301F-11D3-BF4B-00C04F79EFBC}") = "WebClient_1", "WebClient_1\WebClient_1.csproj", "{5D75B14C-C926-4CA3-86EB-2E7B08B24AA6}"
EndProject
Global
	GlobalSection(SolutionConfigurationPlatforms) = preSolution
		Debug|Any CPU = Debug|Any CPU
		Release|Any CPU = Release|Any CPU
	EndGlobalSection
	GlobalSection(ProjectConfigurationPlatforms) = postSolution
		{5D75B14C-C926-4CA3-86EB-2E7B08B24AA6}.Debug|Any CPU.ActiveCfg = Debug|Any CPU
		{5D75B14C-C926-4CA3-86EB-2E7B08B24AA6}.Debug|Any CPU.Build.0 = Debug|Any CPU
		{5D75B14C-C926-4CA3-86EB-2E7B08B24AA6}.Release|Any CPU.ActiveCfg = Release|Any CPU
		{5D75B14C-C926-4CA3-86EB-2E7B08B24AA6}.Release|Any CPU.Build.0 = Release|Any CPU
	EndGlobalSection
	GlobalSection(SolutionProperties) = preSolution
		HideSolutionNode = FALSE
	EndGlobalSection
	GlobalSection(ExtensibilityGlobals) = postSolution
		SolutionGuid = {9A248F8A-831E-4870-8713-3004FDAE5393}
	EndGlobalSection
EndGlobal
